{
  "name": "@maybephilipp/root-pkg",
  "version": "1.0.0",
  "lockfileVersion": 3,
  "requires": true,
  "packages": {
    "": {
      "name": "@maybephilipp/root-pkg",
      "version": "1.0.0",
      "workspaces": [
        "packages/*"
      ]
    },
    "node_modules/@maybephilipp/pkg1": {
      "resolved": "packages/pkg1",
      "link": true
    },
    "node_modules/@maybephilipp/pkg2": {
      "resolved": "packages/pkg2",
      "link": true
    },
    "node_modules/@maybephilipp/pkg3": {
      "resolved": "packages/pkg3",
      "link": true
    },
    "node_modules/clsx": {
      "version": "1.2.1",
      "license": "MIT",
      "engines": {
        "node": ">=6"
      }
    },
    "packages/pkg1": {
      "name": "@maybephilipp/pkg1",
      "version": "1.0.1",
      "dependencies": {
        "@maybephilipp/pkg3": "^1.0.1",
        "clsx": "^1.2.1"
      }
    },
    "packages/pkg2": {
      "name": "@maybephilipp/pkg2",
      "version": "1.0.1",
      "dependencies": {
        "@maybephilipp/pkg3": "^1.0.1",
        "clsx": "^1.2.1"
      }
    },
    "packages/pkg3": {
      "name": "@maybephilipp/pkg3",
      "version": "1.0.1",
      "dependencies": {
        "clsx": "^1.2.1"
      }
    }
  }
}
